
Microsoft Visual Studio Solution File, Format Version 12.00
# Visual Studio Version 16
VisualStudioVersion = 16.0.32002.261
MinimumVisualStudioVersion = 10.0.40219.1
Project("{FAE04EC0-301F-11D3-BF4B-00C04F79EFBC}") = "exerciciosdefixar2", "exerciciosdefixar2\exerciciosdefixar2.csproj", "{B112EC8D-58FE-445C-8951-9D4EDBCA57A7}"
EndProject
Global
	GlobalSection(SolutionConfigurationPlatforms) = preSolution
		Debug|Any CPU = Debug|Any CPU
		Release|Any CPU = Release|Any CPU
	EndGlobalSection
	GlobalSection(ProjectConfigurationPlatforms) = postSolution
		{B112EC8D-58FE-445C-8951-9D4EDBCA57A7}.Debug|Any CPU.ActiveCfg = Debug|Any CPU
		{B112EC8D-58FE-445C-8951-9D4EDBCA57A7}.Debug|Any CPU.Build.0 = Debug|Any CPU
		{B112EC8D-58FE-445C-8951-9D4EDBCA57A7}.Release|Any CPU.ActiveCfg = Release|Any CPU
		{B112EC8D-58FE-445C-8951-9D4EDBCA57A7}.Release|Any CPU.Build.0 = Release|Any CPU
	EndGlobalSection
	GlobalSection(SolutionProperties) = preSolution
		HideSolutionNode = FALSE
	EndGlobalSection
	GlobalSection(ExtensibilityGlobals) = postSolution
		SolutionGuid = {F6E75689-87E2-441E-972B-12961BDFFB28}
	EndGlobalSection
EndGlobal
