
Microsoft Visual Studio Solution File, Format Version 12.00
# Visual Studio Version 16
VisualStudioVersion = 16.0.32002.261
MinimumVisualStudioVersion = 10.0.40219.1
Project("{FAE04EC0-301F-11D3-BF4B-00C04F79EFBC}") = "variaveisjuntas", "variaveisjuntas\variaveisjuntas.csproj", "{8DC2E3DE-1B4F-40ED-91DB-3740DF380B38}"
EndProject
Global
	GlobalSection(SolutionConfigurationPlatforms) = preSolution
		Debug|Any CPU = Debug|Any CPU
		Release|Any CPU = Release|Any CPU
	EndGlobalSection
	GlobalSection(ProjectConfigurationPlatforms) = postSolution
		{8DC2E3DE-1B4F-40ED-91DB-3740DF380B38}.Debug|Any CPU.ActiveCfg = Debug|Any CPU
		{8DC2E3DE-1B4F-40ED-91DB-3740DF380B38}.Debug|Any CPU.Build.0 = Debug|Any CPU
		{8DC2E3DE-1B4F-40ED-91DB-3740DF380B38}.Release|Any CPU.ActiveCfg = Release|Any CPU
		{8DC2E3DE-1B4F-40ED-91DB-3740DF380B38}.Release|Any CPU.Build.0 = Release|Any CPU
	EndGlobalSection
	GlobalSection(SolutionProperties) = preSolution
		HideSolutionNode = FALSE
	EndGlobalSection
	GlobalSection(ExtensibilityGlobals) = postSolution
		SolutionGuid = {53A97822-A3BC-4256-942C-9D29378C01D0}
	EndGlobalSection
EndGlobal
