
Microsoft Visual Studio Solution File, Format Version 12.00
# Visual Studio Version 16
VisualStudioVersion = 16.0.32002.261
MinimumVisualStudioVersion = 10.0.40219.1
Project("{FAE04EC0-301F-11D3-BF4B-00C04F79EFBC}") = "ifesle1", "ifesle1\ifesle1.csproj", "{689A68BF-5D97-4DFF-8588-56051FA8252F}"
EndProject
Global
	GlobalSection(SolutionConfigurationPlatforms) = preSolution
		Debug|Any CPU = Debug|Any CPU
		Release|Any CPU = Release|Any CPU
	EndGlobalSection
	GlobalSection(ProjectConfigurationPlatforms) = postSolution
		{689A68BF-5D97-4DFF-8588-56051FA8252F}.Debug|Any CPU.ActiveCfg = Debug|Any CPU
		{689A68BF-5D97-4DFF-8588-56051FA8252F}.Debug|Any CPU.Build.0 = Debug|Any CPU
		{689A68BF-5D97-4DFF-8588-56051FA8252F}.Release|Any CPU.ActiveCfg = Release|Any CPU
		{689A68BF-5D97-4DFF-8588-56051FA8252F}.Release|Any CPU.Build.0 = Release|Any CPU
	EndGlobalSection
	GlobalSection(SolutionProperties) = preSolution
		HideSolutionNode = FALSE
	EndGlobalSection
	GlobalSection(ExtensibilityGlobals) = postSolution
		SolutionGuid = {2EBFFD9F-4B1B-42EC-9BDA-6E47094D38FB}
	EndGlobalSection
EndGlobal
