
Microsoft Visual Studio Solution File, Format Version 12.00
# Visual Studio Version 16
VisualStudioVersion = 16.0.32002.261
MinimumVisualStudioVersion = 10.0.40219.1
Project("{FAE04EC0-301F-11D3-BF4B-00C04F79EFBC}") = "exerciciospropostosifelse", "exerciciospropostosifelse\exerciciospropostosifelse.csproj", "{2B00EA38-FA7E-40D4-A4FC-8CEC64A7B984}"
EndProject
Global
	GlobalSection(SolutionConfigurationPlatforms) = preSolution
		Debug|Any CPU = Debug|Any CPU
		Release|Any CPU = Release|Any CPU
	EndGlobalSection
	GlobalSection(ProjectConfigurationPlatforms) = postSolution
		{2B00EA38-FA7E-40D4-A4FC-8CEC64A7B984}.Debug|Any CPU.ActiveCfg = Debug|Any CPU
		{2B00EA38-FA7E-40D4-A4FC-8CEC64A7B984}.Debug|Any CPU.Build.0 = Debug|Any CPU
		{2B00EA38-FA7E-40D4-A4FC-8CEC64A7B984}.Release|Any CPU.ActiveCfg = Release|Any CPU
		{2B00EA38-FA7E-40D4-A4FC-8CEC64A7B984}.Release|Any CPU.Build.0 = Release|Any CPU
	EndGlobalSection
	GlobalSection(SolutionProperties) = preSolution
		HideSolutionNode = FALSE
	EndGlobalSection
	GlobalSection(ExtensibilityGlobals) = postSolution
		SolutionGuid = {07C80838-32AF-455F-8027-BD23A5230ACD}
	EndGlobalSection
EndGlobal
