
Microsoft Visual Studio Solution File, Format Version 12.00
# Visual Studio Version 16
VisualStudioVersion = 16.0.32002.261
MinimumVisualStudioVersion = 10.0.40219.1
Project("{FAE04EC0-301F-11D3-BF4B-00C04F79EFBC}") = "ifelse", "ifelse\ifelse.csproj", "{C095C1AD-777A-436E-84EA-633FCBC9F198}"
EndProject
Global
	GlobalSection(SolutionConfigurationPlatforms) = preSolution
		Debug|Any CPU = Debug|Any CPU
		Release|Any CPU = Release|Any CPU
	EndGlobalSection
	GlobalSection(ProjectConfigurationPlatforms) = postSolution
		{C095C1AD-777A-436E-84EA-633FCBC9F198}.Debug|Any CPU.ActiveCfg = Debug|Any CPU
		{C095C1AD-777A-436E-84EA-633FCBC9F198}.Debug|Any CPU.Build.0 = Debug|Any CPU
		{C095C1AD-777A-436E-84EA-633FCBC9F198}.Release|Any CPU.ActiveCfg = Release|Any CPU
		{C095C1AD-777A-436E-84EA-633FCBC9F198}.Release|Any CPU.Build.0 = Release|Any CPU
	EndGlobalSection
	GlobalSection(SolutionProperties) = preSolution
		HideSolutionNode = FALSE
	EndGlobalSection
	GlobalSection(ExtensibilityGlobals) = postSolution
		SolutionGuid = {6152A30F-181C-4C0B-A76C-133C7BFEA5E1}
	EndGlobalSection
EndGlobal
