
Microsoft Visual Studio Solution File, Format Version 12.00
# Visual Studio Version 16
VisualStudioVersion = 16.0.32002.261
MinimumVisualStudioVersion = 10.0.40219.1
Project("{FAE04EC0-301F-11D3-BF4B-00C04F79EFBC}") = "entradadedados2", "entradadedados2\entradadedados2.csproj", "{466FA753-9429-4D6F-9E81-2AE2E484CACB}"
EndProject
Global
	GlobalSection(SolutionConfigurationPlatforms) = preSolution
		Debug|Any CPU = Debug|Any CPU
		Release|Any CPU = Release|Any CPU
	EndGlobalSection
	GlobalSection(ProjectConfigurationPlatforms) = postSolution
		{466FA753-9429-4D6F-9E81-2AE2E484CACB}.Debug|Any CPU.ActiveCfg = Debug|Any CPU
		{466FA753-9429-4D6F-9E81-2AE2E484CACB}.Debug|Any CPU.Build.0 = Debug|Any CPU
		{466FA753-9429-4D6F-9E81-2AE2E484CACB}.Release|Any CPU.ActiveCfg = Release|Any CPU
		{466FA753-9429-4D6F-9E81-2AE2E484CACB}.Release|Any CPU.Build.0 = Release|Any CPU
	EndGlobalSection
	GlobalSection(SolutionProperties) = preSolution
		HideSolutionNode = FALSE
	EndGlobalSection
	GlobalSection(ExtensibilityGlobals) = postSolution
		SolutionGuid = {EB9F8412-0ACD-449C-884E-08B6B148CFF7}
	EndGlobalSection
EndGlobal
